
Microsoft Visual Studio Solution File, Format Version 12.00
# Visual Studio Version 17
VisualStudioVersion = 17.3.32901.215
MinimumVisualStudioVersion = 10.0.40219.1
Project("{FAE04EC0-301F-11D3-BF4B-00C04F79EFBC}") = "ProjectTravelTrip", "ProjectTravelTrip\ProjectTravelTrip.csproj", "{E9D395BF-E91D-4643-A2A1-CE2C439AC84A}"
EndProject
Global
	GlobalSection(SolutionConfigurationPlatforms) = preSolution
		Debug|Any CPU = Debug|Any CPU
		Release|Any CPU = Release|Any CPU
	EndGlobalSection
	GlobalSection(ProjectConfigurationPlatforms) = postSolution
		{E9D395BF-E91D-4643-A2A1-CE2C439AC84A}.Debug|Any CPU.ActiveCfg = Debug|Any CPU
		{E9D395BF-E91D-4643-A2A1-CE2C439AC84A}.Debug|Any CPU.Build.0 = Debug|Any CPU
		{E9D395BF-E91D-4643-A2A1-CE2C439AC84A}.Release|Any CPU.ActiveCfg = Release|Any CPU
		{E9D395BF-E91D-4643-A2A1-CE2C439AC84A}.Release|Any CPU.Build.0 = Release|Any CPU
	EndGlobalSection
	GlobalSection(SolutionProperties) = preSolution
		HideSolutionNode = FALSE
	EndGlobalSection
	GlobalSection(ExtensibilityGlobals) = postSolution
		SolutionGuid = {0F42C354-9B41-45CB-81FA-726E706FEBB1}
	EndGlobalSection
EndGlobal
